
Microsoft Visual Studio Solution File, Format Version 12.00
# Visual Studio 15
VisualStudioVersion = 15.0.26124.0
MinimumVisualStudioVersion = 15.0.26124.0
Project("{2150E333-8FDC-42A3-9474-1A3956D46DE8}") = "src", "src", "{D91BBC7C-AA13-4734-930A-F47E04D80708}"
EndProject
Project("{FAE04EC0-301F-11D3-BF4B-00C04F79EFBC}") = "CheckoutSdk", "src\CheckoutSdk\CheckoutSdk.csproj", "{F764CFA6-F202-4708-BA3C-7637B70B1FCB}"
EndProject
Project("{2150E333-8FDC-42A3-9474-1A3956D46DE8}") = "test", "test", "{A567F61A-88B8-4FB6-9822-3247D7B8A843}"
EndProject
Project("{FAE04EC0-301F-11D3-BF4B-00C04F79EFBC}") = "CheckoutSdk.Tests", "test\CheckoutSdk.Tests\CheckoutSdk.Tests.csproj", "{1701C6B4-D419-4C3D-9561-BB6BD3875BBC}"
EndProject
Project("{FAE04EC0-301F-11D3-BF4B-00C04F79EFBC}") = "CheckoutSdk.Microsoft.Extensions", "src\CheckoutSdk.Microsoft.Extensions\CheckoutSdk.Microsoft.Extensions.csproj", "{767301C7-5717-4D2E-8890-C218B6500486}"
EndProject
Global
	GlobalSection(SolutionConfigurationPlatforms) = preSolution
		Debug|Any CPU = Debug|Any CPU
		Debug|x64 = Debug|x64
		Debug|x86 = Debug|x86
		Release|Any CPU = Release|Any CPU
		Release|x64 = Release|x64
		Release|x86 = Release|x86
	EndGlobalSection
	GlobalSection(SolutionProperties) = preSolution
		HideSolutionNode = FALSE
	EndGlobalSection
	GlobalSection(ProjectConfigurationPlatforms) = postSolution
		{F764CFA6-F202-4708-BA3C-7637B70B1FCB}.Debug|Any CPU.ActiveCfg = Debug|Any CPU
		{F764CFA6-F202-4708-BA3C-7637B70B1FCB}.Debug|Any CPU.Build.0 = Debug|Any CPU
		{F764CFA6-F202-4708-BA3C-7637B70B1FCB}.Debug|x64.ActiveCfg = Debug|x64
		{F764CFA6-F202-4708-BA3C-7637B70B1FCB}.Debug|x64.Build.0 = Debug|x64
		{F764CFA6-F202-4708-BA3C-7637B70B1FCB}.Debug|x86.ActiveCfg = Debug|x86
		{F764CFA6-F202-4708-BA3C-7637B70B1FCB}.Debug|x86.Build.0 = Debug|x86
		{F764CFA6-F202-4708-BA3C-7637B70B1FCB}.Release|Any CPU.ActiveCfg = Release|Any CPU
		{F764CFA6-F202-4708-BA3C-7637B70B1FCB}.Release|Any CPU.Build.0 = Release|Any CPU
		{F764CFA6-F202-4708-BA3C-7637B70B1FCB}.Release|x64.ActiveCfg = Release|x64
		{F764CFA6-F202-4708-BA3C-7637B70B1FCB}.Release|x64.Build.0 = Release|x64
		{F764CFA6-F202-4708-BA3C-7637B70B1FCB}.Release|x86.ActiveCfg = Release|x86
		{F764CFA6-F202-4708-BA3C-7637B70B1FCB}.Release|x86.Build.0 = Release|x86
		{1701C6B4-D419-4C3D-9561-BB6BD3875BBC}.Debug|Any CPU.ActiveCfg = Debug|Any CPU
		{1701C6B4-D419-4C3D-9561-BB6BD3875BBC}.Debug|Any CPU.Build.0 = Debug|Any CPU
		{1701C6B4-D419-4C3D-9561-BB6BD3875BBC}.Debug|x64.ActiveCfg = Debug|x64
		{1701C6B4-D419-4C3D-9561-BB6BD3875BBC}.Debug|x64.Build.0 = Debug|x64
		{1701C6B4-D419-4C3D-9561-BB6BD3875BBC}.Debug|x86.ActiveCfg = Debug|x86
		{1701C6B4-D419-4C3D-9561-BB6BD3875BBC}.Debug|x86.Build.0 = Debug|x86
		{1701C6B4-D419-4C3D-9561-BB6BD3875BBC}.Release|Any CPU.ActiveCfg = Release|Any CPU
		{1701C6B4-D419-4C3D-9561-BB6BD3875BBC}.Release|Any CPU.Build.0 = Release|Any CPU
		{1701C6B4-D419-4C3D-9561-BB6BD3875BBC}.Release|x64.ActiveCfg = Release|x64
		{1701C6B4-D419-4C3D-9561-BB6BD3875BBC}.Release|x64.Build.0 = Release|x64
		{1701C6B4-D419-4C3D-9561-BB6BD3875BBC}.Release|x86.ActiveCfg = Release|x86
		{1701C6B4-D419-4C3D-9561-BB6BD3875BBC}.Release|x86.Build.0 = Release|x86
		{767301C7-5717-4D2E-8890-C218B6500486}.Debug|Any CPU.ActiveCfg = Debug|Any CPU
		{767301C7-5717-4D2E-8890-C218B6500486}.Debug|Any CPU.Build.0 = Debug|Any CPU
		{767301C7-5717-4D2E-8890-C218B6500486}.Debug|x64.ActiveCfg = Debug|x64
		{767301C7-5717-4D2E-8890-C218B6500486}.Debug|x64.Build.0 = Debug|x64
		{767301C7-5717-4D2E-8890-C218B6500486}.Debug|x86.ActiveCfg = Debug|x86
		{767301C7-5717-4D2E-8890-C218B6500486}.Debug|x86.Build.0 = Debug|x86
		{767301C7-5717-4D2E-8890-C218B6500486}.Release|Any CPU.ActiveCfg = Release|Any CPU
		{767301C7-5717-4D2E-8890-C218B6500486}.Release|Any CPU.Build.0 = Release|Any CPU
		{767301C7-5717-4D2E-8890-C218B6500486}.Release|x64.ActiveCfg = Release|x64
		{767301C7-5717-4D2E-8890-C218B6500486}.Release|x64.Build.0 = Release|x64
		{767301C7-5717-4D2E-8890-C218B6500486}.Release|x86.ActiveCfg = Release|x86
		{767301C7-5717-4D2E-8890-C218B6500486}.Release|x86.Build.0 = Release|x86
	EndGlobalSection
	GlobalSection(NestedProjects) = preSolution
		{F764CFA6-F202-4708-BA3C-7637B70B1FCB} = {D91BBC7C-AA13-4734-930A-F47E04D80708}
		{1701C6B4-D419-4C3D-9561-BB6BD3875BBC} = {A567F61A-88B8-4FB6-9822-3247D7B8A843}
		{767301C7-5717-4D2E-8890-C218B6500486} = {D91BBC7C-AA13-4734-930A-F47E04D80708}
	EndGlobalSection
EndGlobal
